
Microsoft Visual Studio Solution File, Format Version 12.00
# Visual Studio Version 17
VisualStudioVersion = 17.9.34728.123
MinimumVisualStudioVersion = 10.0.40219.1
Project("{FAE04EC0-301F-11D3-BF4B-00C04F79EFBC}") = "DesafioAPI.Web", "DesafioAPI\DesafioAPI.Web.csproj", "{66D6E185-781E-49CA-9EC2-4C890B52AED5}"
EndProject
Project("{FAE04EC0-301F-11D3-BF4B-00C04F79EFBC}") = "DesafioAPI.Core", "DesafioAPI.Servicos\DesafioAPI.Core.csproj", "{671295B2-B4A1-49CC-AA87-5C1D35D92AFA}"
EndProject
Global
	GlobalSection(SolutionConfigurationPlatforms) = preSolution
		Debug|Any CPU = Debug|Any CPU
		Release|Any CPU = Release|Any CPU
	EndGlobalSection
	GlobalSection(ProjectConfigurationPlatforms) = postSolution
		{66D6E185-781E-49CA-9EC2-4C890B52AED5}.Debug|Any CPU.ActiveCfg = Debug|Any CPU
		{66D6E185-781E-49CA-9EC2-4C890B52AED5}.Debug|Any CPU.Build.0 = Debug|Any CPU
		{66D6E185-781E-49CA-9EC2-4C890B52AED5}.Release|Any CPU.ActiveCfg = Release|Any CPU
		{66D6E185-781E-49CA-9EC2-4C890B52AED5}.Release|Any CPU.Build.0 = Release|Any CPU
		{671295B2-B4A1-49CC-AA87-5C1D35D92AFA}.Debug|Any CPU.ActiveCfg = Debug|Any CPU
		{671295B2-B4A1-49CC-AA87-5C1D35D92AFA}.Debug|Any CPU.Build.0 = Debug|Any CPU
		{671295B2-B4A1-49CC-AA87-5C1D35D92AFA}.Release|Any CPU.ActiveCfg = Release|Any CPU
		{671295B2-B4A1-49CC-AA87-5C1D35D92AFA}.Release|Any CPU.Build.0 = Release|Any CPU
	EndGlobalSection
	GlobalSection(SolutionProperties) = preSolution
		HideSolutionNode = FALSE
	EndGlobalSection
	GlobalSection(ExtensibilityGlobals) = postSolution
		SolutionGuid = {8DB01C46-86C2-4890-B040-871CF4B613AE}
	EndGlobalSection
EndGlobal
